
Microsoft Visual Studio Solution File, Format Version 12.00
# Visual Studio 15
VisualStudioVersion = 15.0.27428.2011
MinimumVisualStudioVersion = 10.0.40219.1
Project("{FAE04EC0-301F-11D3-BF4B-00C04F79EFBC}") = "BSI-13.OAuth", "BSI-13.OAuth\BSI-13.OAuth.csproj", "{31393F65-53D5-4187-8AFB-30D9247D8707}"
EndProject
Global
	GlobalSection(SolutionConfigurationPlatforms) = preSolution
		Debug|Any CPU = Debug|Any CPU
		Release|Any CPU = Release|Any CPU
	EndGlobalSection
	GlobalSection(ProjectConfigurationPlatforms) = postSolution
		{31393F65-53D5-4187-8AFB-30D9247D8707}.Debug|Any CPU.ActiveCfg = Debug|Any CPU
		{31393F65-53D5-4187-8AFB-30D9247D8707}.Debug|Any CPU.Build.0 = Debug|Any CPU
		{31393F65-53D5-4187-8AFB-30D9247D8707}.Release|Any CPU.ActiveCfg = Release|Any CPU
		{31393F65-53D5-4187-8AFB-30D9247D8707}.Release|Any CPU.Build.0 = Release|Any CPU
	EndGlobalSection
	GlobalSection(SolutionProperties) = preSolution
		HideSolutionNode = FALSE
	EndGlobalSection
	GlobalSection(ExtensibilityGlobals) = postSolution
		SolutionGuid = {F16D94B3-BE4C-4C3C-83C1-CECAD669451D}
	EndGlobalSection
EndGlobal
